
Microsoft Visual Studio Solution File, Format Version 12.00
# Visual Studio Version 16
VisualStudioVersion = 16.0.31402.337
MinimumVisualStudioVersion = 10.0.40219.1
Project("{FAE04EC0-301F-11D3-BF4B-00C04F79EFBC}") = "SimpleCSharpConsoleApp", "SimpleCSharpConsoleApp\SimpleCSharpConsoleApp.csproj", "{6C43FD56-2546-4D31-BF39-24E33565D865}"
EndProject
Global
	GlobalSection(SolutionConfigurationPlatforms) = preSolution
		Debug|Any CPU = Debug|Any CPU
		Release|Any CPU = Release|Any CPU
	EndGlobalSection
	GlobalSection(ProjectConfigurationPlatforms) = postSolution
		{6C43FD56-2546-4D31-BF39-24E33565D865}.Debug|Any CPU.ActiveCfg = Debug|Any CPU
		{6C43FD56-2546-4D31-BF39-24E33565D865}.Debug|Any CPU.Build.0 = Debug|Any CPU
		{6C43FD56-2546-4D31-BF39-24E33565D865}.Release|Any CPU.ActiveCfg = Release|Any CPU
		{6C43FD56-2546-4D31-BF39-24E33565D865}.Release|Any CPU.Build.0 = Release|Any CPU
	EndGlobalSection
	GlobalSection(SolutionProperties) = preSolution
		HideSolutionNode = FALSE
	EndGlobalSection
	GlobalSection(ExtensibilityGlobals) = postSolution
		SolutionGuid = {41C9C470-C490-4059-8D3B-5433BC32E342}
	EndGlobalSection
EndGlobal
